// !$*UTF8*$!
{
	archiveVersion = 1;
	classes = {
	};
	objectVersion = 46;
	objects = {

/* Begin PBXBuildFile section */
		192C1CCE13CF3438001FCC9D /* NSUserDefaults+GetterExt.m in Sources */ = {isa = PBXBuildFile; fileRef = 192C1CCD13CF3438001FCC9D /* NSUserDefaults+GetterExt.m */; };
		195DC5F513CB499D0073A85A /* Cocoa.framework in Frameworks */ = {isa = PBXBuildFile; fileRef = 195DC5F413CB499D0073A85A /* Cocoa.framework */; };
		195DC5FF13CB499D0073A85A /* InfoPlist.strings in Resources */ = {isa = PBXBuildFile; fileRef = 195DC5FD13CB499D0073A85A /* InfoPlist.strings */; };
		195DC60213CB499D0073A85A /* main.m in Sources */ = {isa = PBXBuildFile; fileRef = 195DC60113CB499D0073A85A /* main.m */; };
		195DC60513CB499D0073A85A /* Credits.rtf in Resources */ = {isa = PBXBuildFile; fileRef = 195DC60313CB499D0073A85A /* Credits.rtf */; };
		195DC60813CB499D0073A85A /* ringomanAppDelegate.m in Sources */ = {isa = PBXBuildFile; fileRef = 195DC60713CB499D0073A85A /* ringomanAppDelegate.m */; };
		195DC60B13CB499D0073A85A /* MainMenu.xib in Resources */ = {isa = PBXBuildFile; fileRef = 195DC60913CB499D0073A85A /* MainMenu.xib */; };
		195DC61313CB4B650073A85A /* AppController.m in Sources */ = {isa = PBXBuildFile; fileRef = 195DC61213CB4B650073A85A /* AppController.m */; };
		195DC61613CB4CEE0073A85A /* RMInitialSetupWindow.m in Sources */ = {isa = PBXBuildFile; fileRef = 195DC61513CB4CEE0073A85A /* RMInitialSetupWindow.m */; };
		19895BA713CC977600834DB4 /* RMProject.m in Sources */ = {isa = PBXBuildFile; fileRef = 19895BA613CC977600834DB4 /* RMProject.m */; };
		19895BAB13CC9FE800834DB4 /* RMGenerator.m in Sources */ = {isa = PBXBuildFile; fileRef = 19895BAA13CC9FE800834DB4 /* RMGenerator.m */; };
		198BB32713D3F8450081BF2D /* icon.icns in Resources */ = {isa = PBXBuildFile; fileRef = 198BB32613D3F8450081BF2D /* icon.icns */; };
/* End PBXBuildFile section */

/* Begin PBXFileReference section */
		192C1CCC13CF3438001FCC9D /* NSUserDefaults+GetterExt.h */ = {isa = PBXFileReference; fileEncoding = 4; lastKnownFileType = sourcecode.c.h; path = "NSUserDefaults+GetterExt.h"; sourceTree = "<group>"; };
		192C1CCD13CF3438001FCC9D /* NSUserDefaults+GetterExt.m */ = {isa = PBXFileReference; fileEncoding = 4; lastKnownFileType = sourcecode.c.objc; path = "NSUserDefaults+GetterExt.m"; sourceTree = "<group>"; };
		1945D2E213CDE36F008ACA46 /* RMGlobal.h */ = {isa = PBXFileReference; fileEncoding = 4; lastKnownFileType = sourcecode.c.h; path = RMGlobal.h; sourceTree = "<group>"; };
		195DC5F013CB499D0073A85A /* ringoman.app */ = {isa = PBXFileReference; explicitFileType = wrapper.application; includeInIndex = 0; path = ringoman.app; sourceTree = BUILT_PRODUCTS_DIR; };
		195DC5F413CB499D0073A85A /* Cocoa.framework */ = {isa = PBXFileReference; lastKnownFileType = wrapper.framework; name = Cocoa.framework; path = System/Library/Frameworks/Cocoa.framework; sourceTree = SDKROOT; };
		195DC5F713CB499D0073A85A /* AppKit.framework */ = {isa = PBXFileReference; lastKnownFileType = wrapper.framework; name = AppKit.framework; path = System/Library/Frameworks/AppKit.framework; sourceTree = SDKROOT; };
		195DC5F813CB499D0073A85A /* CoreData.framework */ = {isa = PBXFileReference; lastKnownFileType = wrapper.framework; name = CoreData.framework; path = System/Library/Frameworks/CoreData.framework; sourceTree = SDKROOT; };
		195DC5F913CB499D0073A85A /* Foundation.framework */ = {isa = PBXFileReference; lastKnownFileType = wrapper.framework; name = Foundation.framework; path = System/Library/Frameworks/Foundation.framework; sourceTree = SDKROOT; };
		195DC5FC13CB499D0073A85A /* ringoman-Info.plist */ = {isa = PBXFileReference; lastKnownFileType = text.plist.xml; path = "ringoman-Info.plist"; sourceTree = "<group>"; };
		195DC5FE13CB499D0073A85A /* en */ = {isa = PBXFileReference; lastKnownFileType = text.plist.strings; name = en; path = en.lproj/InfoPlist.strings; sourceTree = "<group>"; };
		195DC60013CB499D0073A85A /* ringoman-Prefix.pch */ = {isa = PBXFileReference; lastKnownFileType = sourcecode.c.h; path = "ringoman-Prefix.pch"; sourceTree = "<group>"; };
		195DC60113CB499D0073A85A /* main.m */ = {isa = PBXFileReference; lastKnownFileType = sourcecode.c.objc; path = main.m; sourceTree = "<group>"; };
		195DC60413CB499D0073A85A /* en */ = {isa = PBXFileReference; lastKnownFileType = text.rtf; name = en; path = en.lproj/Credits.rtf; sourceTree = "<group>"; };
		195DC60613CB499D0073A85A /* ringomanAppDelegate.h */ = {isa = PBXFileReference; lastKnownFileType = sourcecode.c.h; path = ringomanAppDelegate.h; sourceTree = "<group>"; };
		195DC60713CB499D0073A85A /* ringomanAppDelegate.m */ = {isa = PBXFileReference; lastKnownFileType = sourcecode.c.objc; path = ringomanAppDelegate.m; sourceTree = "<group>"; };
		195DC60A13CB499D0073A85A /* en */ = {isa = PBXFileReference; lastKnownFileType = file.xib; name = en; path = en.lproj/MainMenu.xib; sourceTree = "<group>"; };
		195DC61113CB4B650073A85A /* AppController.h */ = {isa = PBXFileReference; fileEncoding = 4; lastKnownFileType = sourcecode.c.h; path = AppController.h; sourceTree = "<group>"; };
		195DC61213CB4B650073A85A /* AppController.m */ = {isa = PBXFileReference; fileEncoding = 4; lastKnownFileType = sourcecode.c.objc; path = AppController.m; sourceTree = "<group>"; };
		195DC61413CB4CEE0073A85A /* RMInitialSetupWindow.h */ = {isa = PBXFileReference; fileEncoding = 4; lastKnownFileType = sourcecode.c.h; path = RMInitialSetupWindow.h; sourceTree = "<group>"; };
		195DC61513CB4CEE0073A85A /* RMInitialSetupWindow.m */ = {isa = PBXFileReference; fileEncoding = 4; lastKnownFileType = sourcecode.c.objc; path = RMInitialSetupWindow.m; sourceTree = "<group>"; };
		19895BA513CC977600834DB4 /* RMProject.h */ = {isa = PBXFileReference; fileEncoding = 4; lastKnownFileType = sourcecode.c.h; path = RMProject.h; sourceTree = "<group>"; };
		19895BA613CC977600834DB4 /* RMProject.m */ = {isa = PBXFileReference; fileEncoding = 4; lastKnownFileType = sourcecode.c.objc; path = RMProject.m; sourceTree = "<group>"; };
		19895BA913CC9FE800834DB4 /* RMGenerator.h */ = {isa = PBXFileReference; fileEncoding = 4; lastKnownFileType = sourcecode.c.h; path = RMGenerator.h; sourceTree = "<group>"; };
		19895BAA13CC9FE800834DB4 /* RMGenerator.m */ = {isa = PBXFileReference; fileEncoding = 4; lastKnownFileType = sourcecode.c.objc; path = RMGenerator.m; sourceTree = "<group>"; };
		198BB32613D3F8450081BF2D /* icon.icns */ = {isa = PBXFileReference; lastKnownFileType = image.icns; path = icon.icns; sourceTree = "<group>"; };
/* End PBXFileReference section */

/* Begin PBXFrameworksBuildPhase section */
		195DC5ED13CB499D0073A85A /* Frameworks */ = {
			isa = PBXFrameworksBuildPhase;
			buildActionMask = 2147483647;
			files = (
				195DC5F513CB499D0073A85A /* Cocoa.framework in Frameworks */,
			);
			runOnlyForDeploymentPostprocessing = 0;
		};
/* End PBXFrameworksBuildPhase section */

/* Begin PBXGroup section */
		195DC5E513CB499D0073A85A = {
			isa = PBXGroup;
			children = (
				195DC5FA13CB499D0073A85A /* ringoman */,
				195DC5F313CB499D0073A85A /* Frameworks */,
				195DC5F113CB499D0073A85A /* Products */,
			);
			sourceTree = "<group>";
		};
		195DC5F113CB499D0073A85A /* Products */ = {
			isa = PBXGroup;
			children = (
				195DC5F013CB499D0073A85A /* ringoman.app */,
			);
			name = Products;
			sourceTree = "<group>";
		};
		195DC5F313CB499D0073A85A /* Frameworks */ = {
			isa = PBXGroup;
			children = (
				195DC5F413CB499D0073A85A /* Cocoa.framework */,
				195DC5F613CB499D0073A85A /* Other Frameworks */,
			);
			name = Frameworks;
			sourceTree = "<group>";
		};
		195DC5F613CB499D0073A85A /* Other Frameworks */ = {
			isa = PBXGroup;
			children = (
				195DC5F713CB499D0073A85A /* AppKit.framework */,
				195DC5F813CB499D0073A85A /* CoreData.framework */,
				195DC5F913CB499D0073A85A /* Foundation.framework */,
			);
			name = "Other Frameworks";
			sourceTree = "<group>";
		};
		195DC5FA13CB499D0073A85A /* ringoman */ = {
			isa = PBXGroup;
			children = (
				195DC60613CB499D0073A85A /* ringomanAppDelegate.h */,
				195DC60713CB499D0073A85A /* ringomanAppDelegate.m */,
				195DC60913CB499D0073A85A /* MainMenu.xib */,
				195DC5FB13CB499D0073A85A /* Supporting Files */,
				195DC61113CB4B650073A85A /* AppController.h */,
				195DC61213CB4B650073A85A /* AppController.m */,
				195DC61413CB4CEE0073A85A /* RMInitialSetupWindow.h */,
				195DC61513CB4CEE0073A85A /* RMInitialSetupWindow.m */,
				19895BA513CC977600834DB4 /* RMProject.h */,
				19895BA613CC977600834DB4 /* RMProject.m */,
				19895BA913CC9FE800834DB4 /* RMGenerator.h */,
				19895BAA13CC9FE800834DB4 /* RMGenerator.m */,
				1945D2E213CDE36F008ACA46 /* RMGlobal.h */,
				192C1CCC13CF3438001FCC9D /* NSUserDefaults+GetterExt.h */,
				192C1CCD13CF3438001FCC9D /* NSUserDefaults+GetterExt.m */,
			);
			path = ringoman;
			sourceTree = "<group>";
		};
		195DC5FB13CB499D0073A85A /* Supporting Files */ = {
			isa = PBXGroup;
			children = (
				198BB32613D3F8450081BF2D /* icon.icns */,
				195DC5FC13CB499D0073A85A /* ringoman-Info.plist */,
				195DC5FD13CB499D0073A85A /* InfoPlist.strings */,
				195DC60013CB499D0073A85A /* ringoman-Prefix.pch */,
				195DC60113CB499D0073A85A /* main.m */,
				195DC60313CB499D0073A85A /* Credits.rtf */,
			);
			name = "Supporting Files";
			sourceTree = "<group>";
		};
/* End PBXGroup section */

/* Begin PBXNativeTarget section */
		195DC5EF13CB499D0073A85A /* ringoman */ = {
			isa = PBXNativeTarget;
			buildConfigurationList = 195DC60E13CB499D0073A85A /* Build configuration list for PBXNativeTarget "ringoman" */;
			buildPhases = (
				195DC5EC13CB499D0073A85A /* Sources */,
				195DC5ED13CB499D0073A85A /* Frameworks */,
				195DC5EE13CB499D0073A85A /* Resources */,
			);
			buildRules = (
			);
			dependencies = (
			);
			name = ringoman;
			productName = ringoman;
			productReference = 195DC5F013CB499D0073A85A /* ringoman.app */;
			productType = "com.apple.product-type.application";
		};
/* End PBXNativeTarget section */

/* Begin PBXProject section */
		195DC5E713CB499D0073A85A /* Project object */ = {
			isa = PBXProject;
			buildConfigurationList = 195DC5EA13CB499D0073A85A /* Build configuration list for PBXProject "ringoman" */;
			compatibilityVersion = "Xcode 3.2";
			developmentRegion = English;
			hasScannedForEncodings = 0;
			knownRegions = (
				en,
			);
			mainGroup = 195DC5E513CB499D0073A85A;
			productRefGroup = 195DC5F113CB499D0073A85A /* Products */;
			projectDirPath = "";
			projectRoot = "";
			targets = (
				195DC5EF13CB499D0073A85A /* ringoman */,
			);
		};
/* End PBXProject section */

/* Begin PBXResourcesBuildPhase section */
		195DC5EE13CB499D0073A85A /* Resources */ = {
			isa = PBXResourcesBuildPhase;
			buildActionMask = 2147483647;
			files = (
				195DC5FF13CB499D0073A85A /* InfoPlist.strings in Resources */,
				195DC60513CB499D0073A85A /* Credits.rtf in Resources */,
				195DC60B13CB499D0073A85A /* MainMenu.xib in Resources */,
				198BB32713D3F8450081BF2D /* icon.icns in Resources */,
			);
			runOnlyForDeploymentPostprocessing = 0;
		};
/* End PBXResourcesBuildPhase section */

/* Begin PBXSourcesBuildPhase section */
		195DC5EC13CB499D0073A85A /* Sources */ = {
			isa = PBXSourcesBuildPhase;
			buildActionMask = 2147483647;
			files = (
				195DC60213CB499D0073A85A /* main.m in Sources */,
				195DC60813CB499D0073A85A /* ringomanAppDelegate.m in Sources */,
				195DC61313CB4B650073A85A /* AppController.m in Sources */,
				195DC61613CB4CEE0073A85A /* RMInitialSetupWindow.m in Sources */,
				19895BA713CC977600834DB4 /* RMProject.m in Sources */,
				19895BAB13CC9FE800834DB4 /* RMGenerator.m in Sources */,
				192C1CCE13CF3438001FCC9D /* NSUserDefaults+GetterExt.m in Sources */,
			);
			runOnlyForDeploymentPostprocessing = 0;
		};
/* End PBXSourcesBuildPhase section */

/* Begin PBXVariantGroup section */
		195DC5FD13CB499D0073A85A /* InfoPlist.strings */ = {
			isa = PBXVariantGroup;
			children = (
				195DC5FE13CB499D0073A85A /* en */,
			);
			name = InfoPlist.strings;
			sourceTree = "<group>";
		};
		195DC60313CB499D0073A85A /* Credits.rtf */ = {
			isa = PBXVariantGroup;
			children = (
				195DC60413CB499D0073A85A /* en */,
			);
			name = Credits.rtf;
			sourceTree = "<group>";
		};
		195DC60913CB499D0073A85A /* MainMenu.xib */ = {
			isa = PBXVariantGroup;
			children = (
				195DC60A13CB499D0073A85A /* en */,
			);
			name = MainMenu.xib;
			sourceTree = "<group>";
		};
/* End PBXVariantGroup section */

/* Begin XCBuildConfiguration section */
		195DC60C13CB499D0073A85A /* Debug */ = {
			isa = XCBuildConfiguration;
			buildSettings = {
				ARCHS = "$(ARCHS_STANDARD_32_64_BIT)";
				GCC_C_LANGUAGE_STANDARD = gnu99;
				GCC_OPTIMIZATION_LEVEL = 0;
				GCC_PREPROCESSOR_DEFINITIONS = DEBUG;
				GCC_SYMBOLS_PRIVATE_EXTERN = NO;
				GCC_VERSION = com.apple.compilers.llvm.clang.1_0;
				GCC_WARN_64_TO_32_BIT_CONVERSION = YES;
				GCC_WARN_ABOUT_RETURN_TYPE = YES;
				GCC_WARN_UNUSED_VARIABLE = YES;
				MACOSX_DEPLOYMENT_TARGET = 10.6;
				ONLY_ACTIVE_ARCH = YES;
				SDKROOT = macosx;
			};
			name = Debug;
		};
		195DC60D13CB499D0073A85A /* Release */ = {
			isa = XCBuildConfiguration;
			buildSettings = {
				ARCHS = "$(ARCHS_STANDARD_32_64_BIT)";
				GCC_C_LANGUAGE_STANDARD = gnu99;
				GCC_VERSION = com.apple.compilers.llvm.clang.1_0;
				GCC_WARN_64_TO_32_BIT_CONVERSION = YES;
				GCC_WARN_ABOUT_RETURN_TYPE = YES;
				GCC_WARN_UNUSED_VARIABLE = YES;
				MACOSX_DEPLOYMENT_TARGET = 10.6;
				SDKROOT = macosx;
			};
			name = Release;
		};
		195DC60F13CB499D0073A85A /* Debug */ = {
			isa = XCBuildConfiguration;
			buildSettings = {
				ALWAYS_SEARCH_USER_PATHS = NO;
				COPY_PHASE_STRIP = NO;
				GCC_DYNAMIC_NO_PIC = NO;
				GCC_ENABLE_OBJC_EXCEPTIONS = YES;
				GCC_PRECOMPILE_PREFIX_HEADER = YES;
				GCC_PREFIX_HEADER = "ringoman/ringoman-Prefix.pch";
				INFOPLIST_FILE = "ringoman/ringoman-Info.plist";
				PRODUCT_NAME = "$(TARGET_NAME)";
				WRAPPER_EXTENSION = app;
			};
			name = Debug;
		};
		195DC61013CB499D0073A85A /* Release */ = {
			isa = XCBuildConfiguration;
			buildSettings = {
				ALWAYS_SEARCH_USER_PATHS = NO;
				COPY_PHASE_STRIP = YES;
				DEBUG_INFORMATION_FORMAT = "dwarf-with-dsym";
				GCC_ENABLE_OBJC_EXCEPTIONS = YES;
				GCC_PRECOMPILE_PREFIX_HEADER = YES;
				GCC_PREFIX_HEADER = "ringoman/ringoman-Prefix.pch";
				INFOPLIST_FILE = "ringoman/ringoman-Info.plist";
				PRODUCT_NAME = "$(TARGET_NAME)";
				WRAPPER_EXTENSION = app;
			};
			name = Release;
		};
/* End XCBuildConfiguration section */

/* Begin XCConfigurationList section */
		195DC5EA13CB499D0073A85A /* Build configuration list for PBXProject "ringoman" */ = {
			isa = XCConfigurationList;
			buildConfigurations = (
				195DC60C13CB499D0073A85A /* Debug */,
				195DC60D13CB499D0073A85A /* Release */,
			);
			defaultConfigurationIsVisible = 0;
			defaultConfigurationName = Release;
		};
		195DC60E13CB499D0073A85A /* Build configuration list for PBXNativeTarget "ringoman" */ = {
			isa = XCConfigurationList;
			buildConfigurations = (
				195DC60F13CB499D0073A85A /* Debug */,
				195DC61013CB499D0073A85A /* Release */,
			);
			defaultConfigurationIsVisible = 0;
			defaultConfigurationName = Release;
		};
/* End XCConfigurationList section */
	};
	rootObject = 195DC5E713CB499D0073A85A /* Project object */;
}
